
Microsoft Visual Studio Solution File, Format Version 12.00
# Visual Studio Version 17
VisualStudioVersion = 17.6.33815.320
MinimumVisualStudioVersion = 10.0.40219.1
Project("{FAE04EC0-301F-11D3-BF4B-00C04F79EFBC}") = "RealAlgebra", "RealAlgebra.csproj", "{5329DEC7-459C-4B64-B003-87D2DE0E77AA}"
EndProject
Global
	GlobalSection(SolutionConfigurationPlatforms) = preSolution
		Debug|Any CPU = Debug|Any CPU
		Release|Any CPU = Release|Any CPU
	EndGlobalSection
	GlobalSection(ProjectConfigurationPlatforms) = postSolution
		{5329DEC7-459C-4B64-B003-87D2DE0E77AA}.Debug|Any CPU.ActiveCfg = Debug|Any CPU
		{5329DEC7-459C-4B64-B003-87D2DE0E77AA}.Debug|Any CPU.Build.0 = Debug|Any CPU
		{5329DEC7-459C-4B64-B003-87D2DE0E77AA}.Release|Any CPU.ActiveCfg = Release|Any CPU
		{5329DEC7-459C-4B64-B003-87D2DE0E77AA}.Release|Any CPU.Build.0 = Release|Any CPU
	EndGlobalSection
	GlobalSection(SolutionProperties) = preSolution
		HideSolutionNode = FALSE
	EndGlobalSection
	GlobalSection(ExtensibilityGlobals) = postSolution
		SolutionGuid = {36731981-EE54-4F5B-A184-A077E1618B75}
	EndGlobalSection
EndGlobal
